
Microsoft Visual Studio Solution File, Format Version 12.00
Project("{FAE04EC0-301F-11D3-BF4B-00C04F79EFBC}") = "DocSystem", "DocSystem\DocSystem.csproj", "{DC5C0CC7-7F72-451A-A182-D82D2D3F30C2}"
EndProject
Project("{2150E333-8FDC-42A3-9474-1A3956D46DE8}") = "Solution Items", "Solution Items", "{551BAA83-94EC-4154-9B6C-8BC2CECD1D4B}"
	ProjectSection(SolutionItems) = preProject
		compose.yaml = compose.yaml
	EndProjectSection
EndProject
Project("{2150E333-8FDC-42A3-9474-1A3956D46DE8}") = "web", "web", "{A6E9B73A-3E77-4D7C-9E14-7BB0F7764C19}"
	ProjectSection(SolutionItems) = preProject
		web\.editorconfig = web\.editorconfig
		web\angular.json = web\angular.json
		web\package.json = web\package.json
		web\README.md = web\README.md
		web\src\app\app.config.ts = web\src\app\app.config.ts
		web\src\app\app.html = web\src\app\app.html
		web\src\app\app.routes.ts = web\src\app\app.routes.ts
		web\src\app\app.ts = web\src\app\app.ts
		web\src\index.html = web\src\index.html
		web\src\main.ts = web\src\main.ts
		web\src\styles.css = web\src\styles.css
		web\tsconfig.app.json = web\tsconfig.app.json
		web\tsconfig.json = web\tsconfig.json
		web\tsconfig.spec.json = web\tsconfig.spec.json
	EndProjectSection
EndProject
Global
	GlobalSection(SolutionConfigurationPlatforms) = preSolution
		Debug|Any CPU = Debug|Any CPU
		Release|Any CPU = Release|Any CPU
	EndGlobalSection
	GlobalSection(ProjectConfigurationPlatforms) = postSolution
		{DC5C0CC7-7F72-451A-A182-D82D2D3F30C2}.Debug|Any CPU.ActiveCfg = Debug|Any CPU
		{DC5C0CC7-7F72-451A-A182-D82D2D3F30C2}.Debug|Any CPU.Build.0 = Debug|Any CPU
		{DC5C0CC7-7F72-451A-A182-D82D2D3F30C2}.Release|Any CPU.ActiveCfg = Release|Any CPU
		{DC5C0CC7-7F72-451A-A182-D82D2D3F30C2}.Release|Any CPU.Build.0 = Release|Any CPU
	EndGlobalSection
EndGlobal
